
Microsoft Visual Studio Solution File, Format Version 12.00
# Visual Studio Version 16
VisualStudioVersion = 16.0.30717.126
MinimumVisualStudioVersion = 10.0.40219.1
Project("{FAE04EC0-301F-11D3-BF4B-00C04F79EFBC}") = "BarcodeScannerApp", "BarcodeScannerApp.csproj", "{CC37A621-4B7F-4B2F-9028-D0CFBB0E9CE6}"
EndProject
Global
	GlobalSection(SolutionConfigurationPlatforms) = preSolution
		Debug|Any CPU = Debug|Any CPU
		Release|Any CPU = Release|Any CPU
	EndGlobalSection
	GlobalSection(ProjectConfigurationPlatforms) = postSolution
		{CC37A621-4B7F-4B2F-9028-D0CFBB0E9CE6}.Debug|Any CPU.ActiveCfg = Debug|Any CPU
		{CC37A621-4B7F-4B2F-9028-D0CFBB0E9CE6}.Debug|Any CPU.Build.0 = Debug|Any CPU
		{CC37A621-4B7F-4B2F-9028-D0CFBB0E9CE6}.Release|Any CPU.ActiveCfg = Release|Any CPU
		{CC37A621-4B7F-4B2F-9028-D0CFBB0E9CE6}.Release|Any CPU.Build.0 = Release|Any CPU
	EndGlobalSection
	GlobalSection(SolutionProperties) = preSolution
		HideSolutionNode = FALSE
	EndGlobalSection
	GlobalSection(ExtensibilityGlobals) = postSolution
		SolutionGuid = {30D9C1FA-7075-470D-977B-A891032E7D99}
	EndGlobalSection
EndGlobal
